{
  "pins" : [
    {
      "identity" : "fittedsheets",
      "kind" : "remoteSourceControl",
      "location" : "https://github.com/gordontucker/FittedSheets",
      "state" : {
        "revision" : "3dcebb20ff42f644e9474a198acb886d4bd51793",
        "version" : "2.5.3"
      }
    },
    {
      "identity" : "snapkit",
      "kind" : "remoteSourceControl",
      "location" : "https://github.com/SnapKit/SnapKit.git",
      "state" : {
        "revision" : "f222cbdf325885926566172f6f5f06af95473158",
        "version" : "5.6.0"
      }
    },
    {
      "identity" : "spalert",
      "kind" : "remoteSourceControl",
      "location" : "https://github.com/ivanvorobei/SPAlert",
      "state" : {
        "revision" : "5fd3e2923d26f0f0b40f0e6c10fca458a61a73c4",
        "version" : "4.2.0"
      }
    }
  ],
  "version" : 2
}
